
Microsoft Visual Studio Solution File, Format Version 11.00
# Visual Studio 2010
Project("{FAE04EC0-301F-11D3-BF4B-00C04F79EFBC}") = "OPC Read", "OPC Read\OPC Read.csproj", "{040F562F-CF6E-411E-BDEF-9A68D8533C70}"
EndProject
Global
	GlobalSection(SolutionConfigurationPlatforms) = preSolution
		Debug|Any CPU = Debug|Any CPU
		Release|Any CPU = Release|Any CPU
	EndGlobalSection
	GlobalSection(ProjectConfigurationPlatforms) = postSolution
		{040F562F-CF6E-411E-BDEF-9A68D8533C70}.Debug|Any CPU.ActiveCfg = Debug|Any CPU
		{040F562F-CF6E-411E-BDEF-9A68D8533C70}.Debug|Any CPU.Build.0 = Debug|Any CPU
		{040F562F-CF6E-411E-BDEF-9A68D8533C70}.Release|Any CPU.ActiveCfg = Release|Any CPU
		{040F562F-CF6E-411E-BDEF-9A68D8533C70}.Release|Any CPU.Build.0 = Release|Any CPU
	EndGlobalSection
	GlobalSection(SolutionProperties) = preSolution
		HideSolutionNode = FALSE
	EndGlobalSection
EndGlobal
